
Microsoft Visual Studio Solution File, Format Version 12.00
# Visual Studio Version 16
VisualStudioVersion = 16.0.31613.86
MinimumVisualStudioVersion = 10.0.40219.1
Project("{9A19103F-16F7-4668-BE54-9A1E7A4F7556}") = "FastCopy", "FastCopy\FastCopy.csproj", "{340A3001-5CB0-4EE2-84BB-8AEB079AA3B2}"
EndProject
Global
	GlobalSection(SolutionConfigurationPlatforms) = preSolution
		Debug|Any CPU = Debug|Any CPU
		Release|Any CPU = Release|Any CPU
	EndGlobalSection
	GlobalSection(ProjectConfigurationPlatforms) = postSolution
		{340A3001-5CB0-4EE2-84BB-8AEB079AA3B2}.Debug|Any CPU.ActiveCfg = Debug|Any CPU
		{340A3001-5CB0-4EE2-84BB-8AEB079AA3B2}.Debug|Any CPU.Build.0 = Debug|Any CPU
		{340A3001-5CB0-4EE2-84BB-8AEB079AA3B2}.Release|Any CPU.ActiveCfg = Release|Any CPU
		{340A3001-5CB0-4EE2-84BB-8AEB079AA3B2}.Release|Any CPU.Build.0 = Release|Any CPU
	EndGlobalSection
	GlobalSection(SolutionProperties) = preSolution
		HideSolutionNode = FALSE
	EndGlobalSection
	GlobalSection(ExtensibilityGlobals) = postSolution
		SolutionGuid = {C0E1C5B6-987E-4E56-AF3D-CDB4D300C949}
	EndGlobalSection
EndGlobal
